
Microsoft Visual Studio Solution File, Format Version 11.00
# Visual Studio 2010
Project("{FAE04EC0-301F-11D3-BF4B-00C04F79EFBC}") = "BulletMLSample", "BulletMLSample\BulletMLSample.csproj", "{644BAD78-CEBF-48DE-B184-A0EC69B9B298}"
EndProject
Project("{FAE04EC0-301F-11D3-BF4B-00C04F79EFBC}") = "BulletMLSampleContent", "BulletMLSample\Content\BulletMLSampleContent.contentproj", "{81D74F8C-171C-40E2-8EFA-ECA48478E41B}"
EndProject
Project("{FAE04EC0-301F-11D3-BF4B-00C04F79EFBC}") = "BulletMLLib.Windows", "BulletMLLib\BulletMLLib.Windows.csproj", "{BD08C5E1-5925-42A8-B221-9741AFCF2C77}"
EndProject
Global
	GlobalSection(SolutionConfigurationPlatforms) = preSolution
		Debug|Any CPU = Debug|Any CPU
		Debug|Mixed Platforms = Debug|Mixed Platforms
		Debug|x86 = Debug|x86
		Release|Any CPU = Release|Any CPU
		Release|Mixed Platforms = Release|Mixed Platforms
		Release|x86 = Release|x86
	EndGlobalSection
	GlobalSection(ProjectConfigurationPlatforms) = postSolution
		{644BAD78-CEBF-48DE-B184-A0EC69B9B298}.Debug|Any CPU.ActiveCfg = Debug|x86
		{644BAD78-CEBF-48DE-B184-A0EC69B9B298}.Debug|Mixed Platforms.ActiveCfg = Debug|x86
		{644BAD78-CEBF-48DE-B184-A0EC69B9B298}.Debug|Mixed Platforms.Build.0 = Debug|x86
		{644BAD78-CEBF-48DE-B184-A0EC69B9B298}.Debug|x86.ActiveCfg = Debug|x86
		{644BAD78-CEBF-48DE-B184-A0EC69B9B298}.Debug|x86.Build.0 = Debug|x86
		{644BAD78-CEBF-48DE-B184-A0EC69B9B298}.Release|Any CPU.ActiveCfg = Release|x86
		{644BAD78-CEBF-48DE-B184-A0EC69B9B298}.Release|Mixed Platforms.ActiveCfg = Release|x86
		{644BAD78-CEBF-48DE-B184-A0EC69B9B298}.Release|Mixed Platforms.Build.0 = Release|x86
		{644BAD78-CEBF-48DE-B184-A0EC69B9B298}.Release|x86.ActiveCfg = Release|x86
		{644BAD78-CEBF-48DE-B184-A0EC69B9B298}.Release|x86.Build.0 = Release|x86
		{81D74F8C-171C-40E2-8EFA-ECA48478E41B}.Debug|Any CPU.ActiveCfg = Debug|x86
		{81D74F8C-171C-40E2-8EFA-ECA48478E41B}.Debug|Mixed Platforms.ActiveCfg = Debug|x86
		{81D74F8C-171C-40E2-8EFA-ECA48478E41B}.Debug|x86.ActiveCfg = Debug|x86
		{81D74F8C-171C-40E2-8EFA-ECA48478E41B}.Release|Any CPU.ActiveCfg = Release|x86
		{81D74F8C-171C-40E2-8EFA-ECA48478E41B}.Release|Mixed Platforms.ActiveCfg = Release|x86
		{81D74F8C-171C-40E2-8EFA-ECA48478E41B}.Release|x86.ActiveCfg = Release|x86
		{BD08C5E1-5925-42A8-B221-9741AFCF2C77}.Debug|Any CPU.ActiveCfg = Debug|Any CPU
		{BD08C5E1-5925-42A8-B221-9741AFCF2C77}.Debug|Any CPU.Build.0 = Debug|Any CPU
		{BD08C5E1-5925-42A8-B221-9741AFCF2C77}.Debug|Mixed Platforms.ActiveCfg = Debug|Any CPU
		{BD08C5E1-5925-42A8-B221-9741AFCF2C77}.Debug|Mixed Platforms.Build.0 = Debug|Any CPU
		{BD08C5E1-5925-42A8-B221-9741AFCF2C77}.Debug|x86.ActiveCfg = Debug|Any CPU
		{BD08C5E1-5925-42A8-B221-9741AFCF2C77}.Release|Any CPU.ActiveCfg = Release|Any CPU
		{BD08C5E1-5925-42A8-B221-9741AFCF2C77}.Release|Any CPU.Build.0 = Release|Any CPU
		{BD08C5E1-5925-42A8-B221-9741AFCF2C77}.Release|Mixed Platforms.ActiveCfg = Release|Any CPU
		{BD08C5E1-5925-42A8-B221-9741AFCF2C77}.Release|Mixed Platforms.Build.0 = Release|Any CPU
		{BD08C5E1-5925-42A8-B221-9741AFCF2C77}.Release|x86.ActiveCfg = Release|Any CPU
	EndGlobalSection
	GlobalSection(SolutionProperties) = preSolution
		HideSolutionNode = FALSE
	EndGlobalSection
EndGlobal
